
Microsoft Visual Studio Solution File, Format Version 12.00
# Visual Studio Version 16
VisualStudioVersion = 16.0.30413.136
MinimumVisualStudioVersion = 10.0.40219.1
Project("{9A19103F-16F7-4668-BE54-9A1E7A4F7556}") = "githubproj", "githubproj\githubproj.csproj", "{F13E7AB7-976B-4193-A820-5422767AFB2B}"
EndProject
Project("{FAE04EC0-301F-11D3-BF4B-00C04F79EFBC}") = "githubproj.test", "githubproj.test\githubproj.test.csproj", "{FA543850-805A-442C-B221-6B5A1AE40EBD}"
EndProject
Global
	GlobalSection(SolutionConfigurationPlatforms) = preSolution
		Debug|Any CPU = Debug|Any CPU
		Release|Any CPU = Release|Any CPU
	EndGlobalSection
	GlobalSection(ProjectConfigurationPlatforms) = postSolution
		{F13E7AB7-976B-4193-A820-5422767AFB2B}.Debug|Any CPU.ActiveCfg = Debug|Any CPU
		{F13E7AB7-976B-4193-A820-5422767AFB2B}.Debug|Any CPU.Build.0 = Debug|Any CPU
		{F13E7AB7-976B-4193-A820-5422767AFB2B}.Release|Any CPU.ActiveCfg = Release|Any CPU
		{F13E7AB7-976B-4193-A820-5422767AFB2B}.Release|Any CPU.Build.0 = Release|Any CPU
		{FA543850-805A-442C-B221-6B5A1AE40EBD}.Debug|Any CPU.ActiveCfg = Debug|Any CPU
		{FA543850-805A-442C-B221-6B5A1AE40EBD}.Debug|Any CPU.Build.0 = Debug|Any CPU
		{FA543850-805A-442C-B221-6B5A1AE40EBD}.Release|Any CPU.ActiveCfg = Release|Any CPU
		{FA543850-805A-442C-B221-6B5A1AE40EBD}.Release|Any CPU.Build.0 = Release|Any CPU
	EndGlobalSection
	GlobalSection(SolutionProperties) = preSolution
		HideSolutionNode = FALSE
	EndGlobalSection
	GlobalSection(ExtensibilityGlobals) = postSolution
		SolutionGuid = {767F582F-4088-422F-8600-215F7050A992}
	EndGlobalSection
EndGlobal
