
Microsoft Visual Studio Solution File, Format Version 12.00
# Visual Studio Version 16
VisualStudioVersion = 16.0.29215.179
MinimumVisualStudioVersion = 10.0.40219.1
Project("{FAE04EC0-301F-11D3-BF4B-00C04F79EFBC}") = "GitHubWebApi", "GitHubWebApi\GitHubWebApi.csproj", "{77989000-7896-4086-AE10-40F587AC2077}"
EndProject
Project("{FAE04EC0-301F-11D3-BF4B-00C04F79EFBC}") = "GitHubWebApi.Tests", "GitHubWebApi.Tests\GitHubWebApi.Tests.csproj", "{3ABB1CF1-191E-4E25-BC6F-A95E61598E47}"
EndProject
Global
	GlobalSection(SolutionConfigurationPlatforms) = preSolution
		Debug|Any CPU = Debug|Any CPU
		Release|Any CPU = Release|Any CPU
	EndGlobalSection
	GlobalSection(ProjectConfigurationPlatforms) = postSolution
		{77989000-7896-4086-AE10-40F587AC2077}.Debug|Any CPU.ActiveCfg = Debug|Any CPU
		{77989000-7896-4086-AE10-40F587AC2077}.Debug|Any CPU.Build.0 = Debug|Any CPU
		{77989000-7896-4086-AE10-40F587AC2077}.Release|Any CPU.ActiveCfg = Release|Any CPU
		{77989000-7896-4086-AE10-40F587AC2077}.Release|Any CPU.Build.0 = Release|Any CPU
		{3ABB1CF1-191E-4E25-BC6F-A95E61598E47}.Debug|Any CPU.ActiveCfg = Debug|Any CPU
		{3ABB1CF1-191E-4E25-BC6F-A95E61598E47}.Debug|Any CPU.Build.0 = Debug|Any CPU
		{3ABB1CF1-191E-4E25-BC6F-A95E61598E47}.Release|Any CPU.ActiveCfg = Release|Any CPU
		{3ABB1CF1-191E-4E25-BC6F-A95E61598E47}.Release|Any CPU.Build.0 = Release|Any CPU
	EndGlobalSection
	GlobalSection(SolutionProperties) = preSolution
		HideSolutionNode = FALSE
	EndGlobalSection
	GlobalSection(ExtensibilityGlobals) = postSolution
		SolutionGuid = {B6613DCF-7A32-403C-BC4F-AE3943B3B2AC}
	EndGlobalSection
EndGlobal
