
Microsoft Visual Studio Solution File, Format Version 12.00
# Visual Studio 15
VisualStudioVersion = 15.0.28307.271
MinimumVisualStudioVersion = 10.0.40219.1
Project("{FAE04EC0-301F-11D3-BF4B-00C04F79EFBC}") = "ApiGitHubCore", "ApiGitHubCore\ApiGitHubCore.csproj", "{245B1661-8905-4540-B8BE-9556F36DB7DE}"
EndProject
Global
	GlobalSection(SolutionConfigurationPlatforms) = preSolution
		Debug|Any CPU = Debug|Any CPU
		Release|Any CPU = Release|Any CPU
	EndGlobalSection
	GlobalSection(ProjectConfigurationPlatforms) = postSolution
		{245B1661-8905-4540-B8BE-9556F36DB7DE}.Debug|Any CPU.ActiveCfg = Debug|Any CPU
		{245B1661-8905-4540-B8BE-9556F36DB7DE}.Debug|Any CPU.Build.0 = Debug|Any CPU
		{245B1661-8905-4540-B8BE-9556F36DB7DE}.Release|Any CPU.ActiveCfg = Release|Any CPU
		{245B1661-8905-4540-B8BE-9556F36DB7DE}.Release|Any CPU.Build.0 = Release|Any CPU
	EndGlobalSection
	GlobalSection(SolutionProperties) = preSolution
		HideSolutionNode = FALSE
	EndGlobalSection
	GlobalSection(ExtensibilityGlobals) = postSolution
		SolutionGuid = {E9DF799F-9553-4FBA-865C-4A2E235100C0}
	EndGlobalSection
EndGlobal
