
Microsoft Visual Studio Solution File, Format Version 12.00
# Visual Studio Version 16
VisualStudioVersion = 16.0.29123.88
MinimumVisualStudioVersion = 10.0.40219.1
Project("{FAE04EC0-301F-11D3-BF4B-00C04F79EFBC}") = "ateliware-ws", "ateliware-ws\ateliware-ws.csproj", "{270BBB15-B46E-431D-8545-7AD697175F9F}"
EndProject
Project("{FAE04EC0-301F-11D3-BF4B-00C04F79EFBC}") = "UnitTestAteliware", "UnitTestAteliware\UnitTestAteliware.csproj", "{62B7EF4B-7995-407B-B866-49BB0324D7D0}"
EndProject
Global
	GlobalSection(SolutionConfigurationPlatforms) = preSolution
		Debug|Any CPU = Debug|Any CPU
		Release|Any CPU = Release|Any CPU
	EndGlobalSection
	GlobalSection(ProjectConfigurationPlatforms) = postSolution
		{270BBB15-B46E-431D-8545-7AD697175F9F}.Debug|Any CPU.ActiveCfg = Debug|Any CPU
		{270BBB15-B46E-431D-8545-7AD697175F9F}.Debug|Any CPU.Build.0 = Debug|Any CPU
		{270BBB15-B46E-431D-8545-7AD697175F9F}.Release|Any CPU.ActiveCfg = Release|Any CPU
		{270BBB15-B46E-431D-8545-7AD697175F9F}.Release|Any CPU.Build.0 = Release|Any CPU
		{62B7EF4B-7995-407B-B866-49BB0324D7D0}.Debug|Any CPU.ActiveCfg = Debug|Any CPU
		{62B7EF4B-7995-407B-B866-49BB0324D7D0}.Debug|Any CPU.Build.0 = Debug|Any CPU
		{62B7EF4B-7995-407B-B866-49BB0324D7D0}.Release|Any CPU.ActiveCfg = Release|Any CPU
		{62B7EF4B-7995-407B-B866-49BB0324D7D0}.Release|Any CPU.Build.0 = Release|Any CPU
	EndGlobalSection
	GlobalSection(SolutionProperties) = preSolution
		HideSolutionNode = FALSE
	EndGlobalSection
	GlobalSection(ExtensibilityGlobals) = postSolution
		SolutionGuid = {138A476C-BFC1-4C81-B5FF-30BBC9426CE9}
	EndGlobalSection
EndGlobal
