
Microsoft Visual Studio Solution File, Format Version 12.00
# Visual Studio Version 16
VisualStudioVersion = 16.0.30330.147
MinimumVisualStudioVersion = 10.0.40219.1
Project("{FAE04EC0-301F-11D3-BF4B-00C04F79EFBC}") = "AteliwareChallenge-ChristianSilva", "AteliwareChallenge-ChristianSilva\AteliwareChallenge-ChristianSilva.csproj", "{882B52F8-DE56-4D7E-A9C4-980070AEA4FC}"
EndProject
Global
	GlobalSection(SolutionConfigurationPlatforms) = preSolution
		Debug|Any CPU = Debug|Any CPU
		Release|Any CPU = Release|Any CPU
	EndGlobalSection
	GlobalSection(ProjectConfigurationPlatforms) = postSolution
		{882B52F8-DE56-4D7E-A9C4-980070AEA4FC}.Debug|Any CPU.ActiveCfg = Debug|Any CPU
		{882B52F8-DE56-4D7E-A9C4-980070AEA4FC}.Debug|Any CPU.Build.0 = Debug|Any CPU
		{882B52F8-DE56-4D7E-A9C4-980070AEA4FC}.Release|Any CPU.ActiveCfg = Release|Any CPU
		{882B52F8-DE56-4D7E-A9C4-980070AEA4FC}.Release|Any CPU.Build.0 = Release|Any CPU
	EndGlobalSection
	GlobalSection(SolutionProperties) = preSolution
		HideSolutionNode = FALSE
	EndGlobalSection
	GlobalSection(ExtensibilityGlobals) = postSolution
		SolutionGuid = {539F65A5-C652-46A5-A351-1CBB38CF6692}
	EndGlobalSection
EndGlobal
